
Microsoft Visual Studio Solution File, Format Version 12.00
# Visual Studio 15
VisualStudioVersion = 15.0.28010.2046
MinimumVisualStudioVersion = 10.0.40219.1
Project("{FAE04EC0-301F-11D3-BF4B-00C04F79EFBC}") = "PF1S2.1", "PF1S2.1\PF1S2.1.csproj", "{83434339-6823-412C-8342-72C759725227}"
EndProject
Global
	GlobalSection(SolutionConfigurationPlatforms) = preSolution
		Debug|x86 = Debug|x86
		Release|x86 = Release|x86
	EndGlobalSection
	GlobalSection(ProjectConfigurationPlatforms) = postSolution
		{83434339-6823-412C-8342-72C759725227}.Debug|x86.ActiveCfg = Debug|x86
		{83434339-6823-412C-8342-72C759725227}.Debug|x86.Build.0 = Debug|x86
		{83434339-6823-412C-8342-72C759725227}.Release|x86.ActiveCfg = Release|x86
		{83434339-6823-412C-8342-72C759725227}.Release|x86.Build.0 = Release|x86
	EndGlobalSection
	GlobalSection(SolutionProperties) = preSolution
		HideSolutionNode = FALSE
	EndGlobalSection
	GlobalSection(ExtensibilityGlobals) = postSolution
		SolutionGuid = {1952B7F7-34EB-4CA7-9B40-9E0CA6BBA774}
	EndGlobalSection
EndGlobal
